
Microsoft Visual Studio Solution File, Format Version 12.00
# Visual Studio Version 16
VisualStudioVersion = 16.0.31729.503
MinimumVisualStudioVersion = 10.0.40219.1
Project("{9A19103F-16F7-4668-BE54-9A1E7A4F7556}") = "ParkyAPI", "ParkyAPI\ParkyAPI.csproj", "{67EC9F51-83A3-4196-BCA2-5D3D2DF4BB1F}"
EndProject
Project("{FAE04EC0-301F-11D3-BF4B-00C04F79EFBC}") = "ParkyWeb", "ParkyWeb\ParkyWeb.csproj", "{366CA307-813F-4695-8511-2C3F0E3389E3}"
EndProject
Global
	GlobalSection(SolutionConfigurationPlatforms) = preSolution
		Debug|Any CPU = Debug|Any CPU
		Release|Any CPU = Release|Any CPU
	EndGlobalSection
	GlobalSection(ProjectConfigurationPlatforms) = postSolution
		{67EC9F51-83A3-4196-BCA2-5D3D2DF4BB1F}.Debug|Any CPU.ActiveCfg = Debug|Any CPU
		{67EC9F51-83A3-4196-BCA2-5D3D2DF4BB1F}.Debug|Any CPU.Build.0 = Debug|Any CPU
		{67EC9F51-83A3-4196-BCA2-5D3D2DF4BB1F}.Release|Any CPU.ActiveCfg = Release|Any CPU
		{67EC9F51-83A3-4196-BCA2-5D3D2DF4BB1F}.Release|Any CPU.Build.0 = Release|Any CPU
		{366CA307-813F-4695-8511-2C3F0E3389E3}.Debug|Any CPU.ActiveCfg = Debug|Any CPU
		{366CA307-813F-4695-8511-2C3F0E3389E3}.Debug|Any CPU.Build.0 = Debug|Any CPU
		{366CA307-813F-4695-8511-2C3F0E3389E3}.Release|Any CPU.ActiveCfg = Release|Any CPU
		{366CA307-813F-4695-8511-2C3F0E3389E3}.Release|Any CPU.Build.0 = Release|Any CPU
	EndGlobalSection
	GlobalSection(SolutionProperties) = preSolution
		HideSolutionNode = FALSE
	EndGlobalSection
	GlobalSection(ExtensibilityGlobals) = postSolution
		SolutionGuid = {96BC17C3-9F45-425C-828F-93F9CA25994F}
	EndGlobalSection
EndGlobal
